
Microsoft Visual Studio Solution File, Format Version 12.00
Project("{FAE04EC0-301F-11D3-BF4B-00C04F79EFBC}") = "ServeAsSoldierCustomSpawns", "ServeAsSoldierCustomSpawns.csproj", "{10A9242D-EAFB-4E3B-84BE-61536B01FA00}"
EndProject
Global
	GlobalSection(SolutionConfigurationPlatforms) = preSolution
		Stable_Release|x64 = Stable_Release|x64
		Stable_Debug|x64 = Stable_Debug|x64
		Beta_Release|x64 = Beta_Release|x64
		Beta_Debug|x64 = Beta_Debug|x64
	EndGlobalSection
	GlobalSection(ProjectConfigurationPlatforms) = postSolution
		{10A9242D-EAFB-4E3B-84BE-61536B01FA00}.Stable_Release|x64.ActiveCfg = Stable_Release|x64
		{10A9242D-EAFB-4E3B-84BE-61536B01FA00}.Stable_Debug|x64.ActiveCfg = Stable_Debug|x64
		{10A9242D-EAFB-4E3B-84BE-61536B01FA00}.Beta_Release|x64.ActiveCfg = Beta_Release|x64
		{10A9242D-EAFB-4E3B-84BE-61536B01FA00}.Beta_Debug|x64.ActiveCfg = Beta_Debug|x64
	EndGlobalSection
EndGlobal
